{
  "version": 4,
  "terraform_version": "1.1.7",
  "serial": 0,
  "lineage": "21967b59-8853-b616-485f-2934b5729ed7",
  "outputs": {},
  "resources": [
    {
      "mode": "managed",
      "type": "aws_vpc",
      "name": "myvpc",
      "provider": "provider[\"registry.terraform.io/hashicorp/aws\"]",
      "instances": [
        {
          "schema_version": 1,
          "attributes": {
            "arn": "arn:aws:ec2:us-east-1:023419607602:vpc/vpc-0fc926818db0dcad9",
            "assign_generated_ipv6_cidr_block": true,
            "cidr_block": "100.64.0.0/16",
            "default_network_acl_id": "acl-0d92160f163e099a4",
            "default_route_table_id": "rtb-023005a3472b5493d",
            "default_security_group_id": "sg-04339827a3d789dd5",
            "dhcp_options_id": "dopt-093b821387e7a5f53",
            "enable_classiclink": false,
            "enable_classiclink_dns_support": false,
            "enable_dns_hostnames": true,
            "enable_dns_support": true,
            "id": "vpc-0fc926818db0dcad9",
            "instance_tenancy": "default",
            "ipv4_ipam_pool_id": null,
            "ipv4_netmask_length": null,
            "ipv6_association_id": "vpc-cidr-assoc-07a355b1e71772d03",
            "ipv6_cidr_block": "2600:1f18:ea4:8500::/56",
            "ipv6_cidr_block_network_border_group": "us-east-1",
            "ipv6_ipam_pool_id": "",
            "ipv6_netmask_length": 0,
            "main_route_table_id": "rtb-023005a3472b5493d",
            "owner_id": "023419607602",
            "tags": {
              "Name": "myvpc"
            },
            "tags_all": {
              "Name": "myvpc"
            }
          },
          "sensitive_attributes": [],
          "private": "eyJzY2hlbWFfdmVyc2lvbiI6IjEifQ=="
        }
      ]
    }
  ]
}
